
Microsoft Visual Studio Solution File, Format Version 12.00
# Visual Studio Version 17
VisualStudioVersion = 17.9.34607.119
MinimumVisualStudioVersion = 10.0.40219.1
Project("{FAE04EC0-301F-11D3-BF4B-00C04F79EFBC}") = "RoutingSampleApplication", "RoutingSampleApplication\RoutingSampleApplication.csproj", "{54C87E88-D3BF-4386-9B00-73AC73638E4F}"
EndProject
Global
	GlobalSection(SolutionConfigurationPlatforms) = preSolution
		Debug|Any CPU = Debug|Any CPU
		Release|Any CPU = Release|Any CPU
	EndGlobalSection
	GlobalSection(ProjectConfigurationPlatforms) = postSolution
		{54C87E88-D3BF-4386-9B00-73AC73638E4F}.Debug|Any CPU.ActiveCfg = Debug|Any CPU
		{54C87E88-D3BF-4386-9B00-73AC73638E4F}.Debug|Any CPU.Build.0 = Debug|Any CPU
		{54C87E88-D3BF-4386-9B00-73AC73638E4F}.Release|Any CPU.ActiveCfg = Release|Any CPU
		{54C87E88-D3BF-4386-9B00-73AC73638E4F}.Release|Any CPU.Build.0 = Release|Any CPU
	EndGlobalSection
	GlobalSection(SolutionProperties) = preSolution
		HideSolutionNode = FALSE
	EndGlobalSection
	GlobalSection(ExtensibilityGlobals) = postSolution
		SolutionGuid = {8B55F464-FC73-48B4-87A9-1DC820351955}
	EndGlobalSection
EndGlobal
